schema: '2.0'
stages:
  data_ingestion:
    cmd: python src/cnnClassifier/pipeline/stage_01_data_ingestion.py
    deps:
    - path: config/config.yaml
      hash: md5
      md5: 4a2111604c39700ff37e5d3c251fe4fd
      size: 568
    - path: src/cnnClassifier/pipeline/stage_01_data_ingestion.py
      hash: md5
      md5: f02c402d821f53792bcf53e53264693c
      size: 893
    outs:
    - path: artifacts/data_ingestion/Yoga dataset
      hash: md5
      md5: ccd44cbd0e2e9bd2e43bcf2636cb4056.dir
      size: 1105237334
      nfiles: 5994
  prepare_base_model:
    cmd: python src/cnnClassifier/pipeline/stage_02_prepare_base_model.py
    deps:
    - path: config/config.yaml
      hash: md5
      md5: 4a2111604c39700ff37e5d3c251fe4fd
      size: 568
    - path: src/cnnClassifier/pipeline/stage_02_prepare_base_model.py
      hash: md5
      md5: 2e734d959949dd3314c8e5843090bd75
      size: 978
    params:
      params.yaml:
        CLASSES: 107
        IMAGE_SIZE:
        - 224
        - 224
        - 3
        INCLUDE_TOP: false
        LEARNING_RATE: 0.01
        WEIGHTS: imagenet
    outs:
    - path: artifacts/prepare_base_model
      hash: md5
      md5: 2f99a7cc3fde447eeafe676bbb02a9ec.dir
      size: 128595064
      nfiles: 2
  training:
    cmd: python src/cnnClassifier/pipeline/stage_03_model_trainer.py
    deps:
    - path: artifacts/data_ingestion/Yoga dataset
      hash: md5
      md5: ccd44cbd0e2e9bd2e43bcf2636cb4056.dir
      size: 1105237334
      nfiles: 5994
    - path: artifacts/prepare_base_model
      hash: md5
      md5: 2f99a7cc3fde447eeafe676bbb02a9ec.dir
      size: 128595064
      nfiles: 2
    - path: config/config.yaml
      hash: md5
      md5: 4a2111604c39700ff37e5d3c251fe4fd
      size: 568
    - path: src/cnnClassifier/pipeline/stage_03_model_trainer.py
      hash: md5
      md5: 1139f5260bd28aa70899f1e4e2b4c236
      size: 894
    params:
      params.yaml:
        AUGMENTATION: true
        BATCH_SIZE: 32
        EPOCHS: 100
        IMAGE_SIZE:
        - 224
        - 224
        - 3
    outs:
    - path: artifacts/training/model.h5
      hash: md5
      md5: 8ee63dba1ef78225c8ef9768b68291fd
      size: 69675328
  evaluation:
    cmd: python src/cnnClassifier/pipeline/stage_04_model_evaluation.py
    deps:
    - path: artifacts/data_ingestion/Yoga dataset
      hash: md5
      md5: ccd44cbd0e2e9bd2e43bcf2636cb4056.dir
      size: 1105237334
      nfiles: 5994
    - path: artifacts/training/model.h5
      hash: md5
      md5: 8ee63dba1ef78225c8ef9768b68291fd
      size: 69675328
    - path: config/config.yaml
      hash: md5
      md5: 4a2111604c39700ff37e5d3c251fe4fd
      size: 568
    - path: src/cnnClassifier/pipeline/stage_04_model_evaluation.py
      hash: md5
      md5: f3824ec3ed74a2e78a9b5413e003b405
      size: 907
    params:
      params.yaml:
        BATCH_SIZE: 32
        IMAGE_SIZE:
        - 224
        - 224
        - 3
    outs:
    - path: scores.json
      hash: md5
      md5: 8e91d2ea3d6f612abfe39e4cfa28d52d
      size: 70
